{
  "name": "react-vite-ts-starter",
  "version": "1.0.12",
  "lockfileVersion": 3,
  "requires": true,
  "packages": {
    "": {
      "name": "react-vite-ts-starter",
      "version": "1.0.12",
      "license": "MIT",
      "bin": {
        "react-vite-ts-starter": "index.js"
      },
      "devDependencies": {}
    }
  }
}
